
Microsoft Visual Studio Solution File, Format Version 12.00
# Visual Studio Version 16
VisualStudioVersion = 16.0.30114.105
MinimumVisualStudioVersion = 10.0.40219.1
Project("{FAE04EC0-301F-11D3-BF4B-00C04F79EFBC}") = "Crawler.Data", "Crawler.Data\Crawler.Data.csproj", "{499B3855-85E9-47CB-9E2B-81D7D315F2CD}"
EndProject
Project("{FAE04EC0-301F-11D3-BF4B-00C04F79EFBC}") = "Crawler.App", "Crawler.App\Crawler.App.csproj", "{636FE0A8-FB66-4986-9D99-DF5DB9B31A8D}"
EndProject
Global
	GlobalSection(SolutionConfigurationPlatforms) = preSolution
		Debug|Any CPU = Debug|Any CPU
		Debug|x64 = Debug|x64
		Debug|x86 = Debug|x86
		Release|Any CPU = Release|Any CPU
		Release|x64 = Release|x64
		Release|x86 = Release|x86
	EndGlobalSection
	GlobalSection(SolutionProperties) = preSolution
		HideSolutionNode = FALSE
	EndGlobalSection
	GlobalSection(ProjectConfigurationPlatforms) = postSolution
		{499B3855-85E9-47CB-9E2B-81D7D315F2CD}.Debug|Any CPU.ActiveCfg = Debug|Any CPU
		{499B3855-85E9-47CB-9E2B-81D7D315F2CD}.Debug|Any CPU.Build.0 = Debug|Any CPU
		{499B3855-85E9-47CB-9E2B-81D7D315F2CD}.Debug|x64.ActiveCfg = Debug|Any CPU
		{499B3855-85E9-47CB-9E2B-81D7D315F2CD}.Debug|x64.Build.0 = Debug|Any CPU
		{499B3855-85E9-47CB-9E2B-81D7D315F2CD}.Debug|x86.ActiveCfg = Debug|Any CPU
		{499B3855-85E9-47CB-9E2B-81D7D315F2CD}.Debug|x86.Build.0 = Debug|Any CPU
		{499B3855-85E9-47CB-9E2B-81D7D315F2CD}.Release|Any CPU.ActiveCfg = Release|Any CPU
		{499B3855-85E9-47CB-9E2B-81D7D315F2CD}.Release|Any CPU.Build.0 = Release|Any CPU
		{499B3855-85E9-47CB-9E2B-81D7D315F2CD}.Release|x64.ActiveCfg = Release|Any CPU
		{499B3855-85E9-47CB-9E2B-81D7D315F2CD}.Release|x64.Build.0 = Release|Any CPU
		{499B3855-85E9-47CB-9E2B-81D7D315F2CD}.Release|x86.ActiveCfg = Release|Any CPU
		{499B3855-85E9-47CB-9E2B-81D7D315F2CD}.Release|x86.Build.0 = Release|Any CPU
		{636FE0A8-FB66-4986-9D99-DF5DB9B31A8D}.Debug|Any CPU.ActiveCfg = Debug|Any CPU
		{636FE0A8-FB66-4986-9D99-DF5DB9B31A8D}.Debug|Any CPU.Build.0 = Debug|Any CPU
		{636FE0A8-FB66-4986-9D99-DF5DB9B31A8D}.Debug|x64.ActiveCfg = Debug|Any CPU
		{636FE0A8-FB66-4986-9D99-DF5DB9B31A8D}.Debug|x64.Build.0 = Debug|Any CPU
		{636FE0A8-FB66-4986-9D99-DF5DB9B31A8D}.Debug|x86.ActiveCfg = Debug|Any CPU
		{636FE0A8-FB66-4986-9D99-DF5DB9B31A8D}.Debug|x86.Build.0 = Debug|Any CPU
		{636FE0A8-FB66-4986-9D99-DF5DB9B31A8D}.Release|Any CPU.ActiveCfg = Release|Any CPU
		{636FE0A8-FB66-4986-9D99-DF5DB9B31A8D}.Release|Any CPU.Build.0 = Release|Any CPU
		{636FE0A8-FB66-4986-9D99-DF5DB9B31A8D}.Release|x64.ActiveCfg = Release|Any CPU
		{636FE0A8-FB66-4986-9D99-DF5DB9B31A8D}.Release|x64.Build.0 = Release|Any CPU
		{636FE0A8-FB66-4986-9D99-DF5DB9B31A8D}.Release|x86.ActiveCfg = Release|Any CPU
		{636FE0A8-FB66-4986-9D99-DF5DB9B31A8D}.Release|x86.Build.0 = Release|Any CPU
	EndGlobalSection
EndGlobal
