
Microsoft Visual Studio Solution File, Format Version 12.00
# Visual Studio Version 16
VisualStudioVersion = 16.0.30114.105
MinimumVisualStudioVersion = 10.0.40219.1
Project("{FAE04EC0-301F-11D3-BF4B-00C04F79EFBC}") = "IoMDirectoryBuilder.App", "IoMDirectoryBuilder.App\IoMDirectoryBuilder.App.csproj", "{9075FB22-7C43-4696-8A67-4300D96C6725}"
EndProject
Project("{FAE04EC0-301F-11D3-BF4B-00C04F79EFBC}") = "IoMDirectoryBuilder.Console", "IoMDirectoryBuilder.Console\IoMDirectoryBuilder.Console.csproj", "{CD180D64-1526-41F0-8F70-26D5B7337644}"
EndProject
Project("{FAE04EC0-301F-11D3-BF4B-00C04F79EFBC}") = "IoMDirectoryBuilder.Common", "IoMDirectoryBuilder.Common\IoMDirectoryBuilder.Common.csproj", "{32624D8E-0831-482A-945A-974E27F73AFE}"
EndProject
Global
	GlobalSection(SolutionConfigurationPlatforms) = preSolution
		Debug|Any CPU = Debug|Any CPU
		Release|Any CPU = Release|Any CPU
	EndGlobalSection
	GlobalSection(SolutionProperties) = preSolution
		HideSolutionNode = FALSE
	EndGlobalSection
	GlobalSection(ProjectConfigurationPlatforms) = postSolution
		{9075FB22-7C43-4696-8A67-4300D96C6725}.Debug|Any CPU.ActiveCfg = Debug|Any CPU
		{9075FB22-7C43-4696-8A67-4300D96C6725}.Debug|Any CPU.Build.0 = Debug|Any CPU
		{9075FB22-7C43-4696-8A67-4300D96C6725}.Release|Any CPU.ActiveCfg = Release|Any CPU
		{9075FB22-7C43-4696-8A67-4300D96C6725}.Release|Any CPU.Build.0 = Release|Any CPU
		{CD180D64-1526-41F0-8F70-26D5B7337644}.Debug|Any CPU.ActiveCfg = Debug|Any CPU
		{CD180D64-1526-41F0-8F70-26D5B7337644}.Debug|Any CPU.Build.0 = Debug|Any CPU
		{CD180D64-1526-41F0-8F70-26D5B7337644}.Release|Any CPU.ActiveCfg = Release|Any CPU
		{CD180D64-1526-41F0-8F70-26D5B7337644}.Release|Any CPU.Build.0 = Release|Any CPU
		{32624D8E-0831-482A-945A-974E27F73AFE}.Debug|Any CPU.ActiveCfg = Debug|Any CPU
		{32624D8E-0831-482A-945A-974E27F73AFE}.Debug|Any CPU.Build.0 = Debug|Any CPU
		{32624D8E-0831-482A-945A-974E27F73AFE}.Release|Any CPU.ActiveCfg = Release|Any CPU
		{32624D8E-0831-482A-945A-974E27F73AFE}.Release|Any CPU.Build.0 = Release|Any CPU
	EndGlobalSection
EndGlobal
